{
  "pins" : [
    {
      "identity" : "compound-design-tokens",
      "kind" : "remoteSourceControl",
      "location" : "https://github.com/langleyd/compound-design-tokens.git",
      "state" : {
        "revision" : "232f88bf1e41ab72ac65a61779eccd0b70e327cf"
      }
    }
  ],
  "version" : 2
}
